{
  "requires": true,
  "lockfileVersion": 1,
  "dependencies": {
    "@tarekraafat/autocomplete.js": {
      "version": "7.2.0",
      "resolved": "https://registry.npmjs.org/@tarekraafat/autocomplete.js/-/autocomplete.js-7.2.0.tgz",
      "integrity": "sha512-p1aEcKC/WHpVBuFyRhXq/ie+mgO4QqCNEsdVIPUBgmNqmxV4dVfqYEpk///9vvKyranUUvrlVu4e2tdzAaXKIg=="
    },
    "classnames": {
      "version": "2.2.6",
      "resolved": "https://registry.npmjs.org/classnames/-/classnames-2.2.6.tgz",
      "integrity": "sha512-JR/iSQOSt+LQIWwrwEzJ9uk0xfN3mTVYMwt1Ir5mUcSN6pU+V4zQFFaJsclJbPuAUQH+yfWef6tm7l1quW3C8Q=="
    },
    "js-tokens": {
      "version": "4.0.0",
      "resolved": "https://registry.npmjs.org/js-tokens/-/js-tokens-4.0.0.tgz",
      "integrity": "sha512-RdJUflcE3cUzKiMqQgsCu06FPu9UdIJO0beYbPhHN4k6apgJtifcoCtT9bcxOpYBtpD2kCM6Sbzg4CausW/PKQ=="
    },
    "loose-envify": {
      "version": "1.4.0",
      "resolved": "https://registry.npmjs.org/loose-envify/-/loose-envify-1.4.0.tgz",
      "integrity": "sha512-lyuxPGr/Wfhrlem2CL/UcnUc1zcqKAImBDzukY7Y5F/yQiNdko6+fRLevlw1HgMySw7f611UIY408EtxRSoK3Q==",
      "requires": {
        "js-tokens": "^3.0.0 || ^4.0.0"
      }
    },
    "object-assign": {
      "version": "4.1.1",
      "resolved": "https://registry.npmjs.org/object-assign/-/object-assign-4.1.1.tgz",
      "integrity": "sha1-IQmtx5ZYh8/AXLvUQsrIv7s2CGM="
    },
    "paginationjs": {
      "version": "2.1.5",
      "resolved": "https://registry.npmjs.org/paginationjs/-/paginationjs-2.1.5.tgz",
      "integrity": "sha512-2RJW/o8bADFk6HwuoeJzgUndWvuWaZRdumu1QAc2gdA+/ZQLRcZZ6goz7m2cx2uoy0XReF/7X4vrVTZvqLDPrw=="
    },
    "prop-types": {
      "version": "15.7.2",
      "resolved": "https://registry.npmjs.org/prop-types/-/prop-types-15.7.2.tgz",
      "integrity": "sha512-8QQikdH7//R2vurIJSutZ1smHYTcLpRWEOlHnzcWHmBYrOGUysKwSsrC89BCiFj3CbrfJ/nXFdJepOVrY1GCHQ==",
      "requires": {
        "loose-envify": "^1.4.0",
        "object-assign": "^4.1.1",
        "react-is": "^16.8.1"
      }
    },
    "rater-js": {
      "version": "1.0.1",
      "resolved": "https://registry.npmjs.org/rater-js/-/rater-js-1.0.1.tgz",
      "integrity": "sha512-93MxfiXKfX2LvIIcArtSY4M5C/l5Dg9EioNeQVk1cxnxCuU14A5qXOY0O7DuWlkjBJ930pLUNsOJBcIMUv0oAg=="
    },
    "react": {
      "version": "16.13.1",
      "resolved": "https://registry.npmjs.org/react/-/react-16.13.1.tgz",
      "integrity": "sha512-YMZQQq32xHLX0bz5Mnibv1/LHb3Sqzngu7xstSM+vrkE5Kzr9xE0yMByK5kMoTK30YVJE61WfbxIFFvfeDKT1w==",
      "requires": {
        "loose-envify": "^1.1.0",
        "object-assign": "^4.1.1",
        "prop-types": "^15.6.2"
      }
    },
    "react-is": {
      "version": "16.13.1",
      "resolved": "https://registry.npmjs.org/react-is/-/react-is-16.13.1.tgz",
      "integrity": "sha512-24e6ynE2H+OKt4kqsOvNd8kBpV65zoxbA4BVsEOB3ARVWQki/DHzaUoC5KuON/BiccDaCCTZBuOcfZs70kR8bQ=="
    },
    "react-ratings-declarative": {
      "version": "3.4.1",
      "resolved": "https://registry.npmjs.org/react-ratings-declarative/-/react-ratings-declarative-3.4.1.tgz",
      "integrity": "sha512-zL3d5PNcDcF/+KNcZlP2KVE5UIp53yLk7EJkbM9bXpvrqUp/S91lp7SkFsWPqv+q8dUg3BOdfEX1RWNQs1ocVw==",
      "requires": {
        "classnames": "^2.2.5",
        "prop-types": "^15.6.0",
        "react": "^16.2.0"
      }
    },
    "tablesort": {
      "version": "5.2.1",
      "resolved": "https://registry.npmjs.org/tablesort/-/tablesort-5.2.1.tgz",
      "integrity": "sha512-AmNSrtzyba5Bd+Fm8oJJj/xS2bj5acoHEsDHxER2/4Tzo+5noPORpEsSLT9dI15X2MIuXlNnj+BBQcpMsoeTXQ=="
    }
  }
}
